
Microsoft Visual Studio Solution File, Format Version 12.00
# Visual Studio Version 17
VisualStudioVersion = 17.9.34607.119
MinimumVisualStudioVersion = 10.0.40219.1
Project("{FAE04EC0-301F-11D3-BF4B-00C04F79EFBC}") = "MiniatureCommunicationConsole(Server)", "MiniatureCommunicationConsole(Server)\MiniatureCommunicationConsole(Server).csproj", "{35375C85-F0AC-4FC0-9948-7BDCE200F98C}"
EndProject
Global
	GlobalSection(SolutionConfigurationPlatforms) = preSolution
		Debug|Any CPU = Debug|Any CPU
		Release|Any CPU = Release|Any CPU
	EndGlobalSection
	GlobalSection(ProjectConfigurationPlatforms) = postSolution
		{35375C85-F0AC-4FC0-9948-7BDCE200F98C}.Debug|Any CPU.ActiveCfg = Debug|Any CPU
		{35375C85-F0AC-4FC0-9948-7BDCE200F98C}.Debug|Any CPU.Build.0 = Debug|Any CPU
		{35375C85-F0AC-4FC0-9948-7BDCE200F98C}.Release|Any CPU.ActiveCfg = Release|Any CPU
		{35375C85-F0AC-4FC0-9948-7BDCE200F98C}.Release|Any CPU.Build.0 = Release|Any CPU
	EndGlobalSection
	GlobalSection(SolutionProperties) = preSolution
		HideSolutionNode = FALSE
	EndGlobalSection
	GlobalSection(ExtensibilityGlobals) = postSolution
		SolutionGuid = {4D227514-6B7B-4E62-95B6-88A09259D01D}
	EndGlobalSection
EndGlobal
